
Microsoft Visual Studio Solution File, Format Version 12.00
# Visual Studio 15
VisualStudioVersion = 15.0.28307.136
MinimumVisualStudioVersion = 10.0.40219.1
Project("{9A19103F-16F7-4668-BE54-9A1E7A4F7556}") = "Wikiled.Google.Chart", "Wikiled.Google.Chart\Wikiled.Google.Chart.csproj", "{287EC3D5-4898-4E12-8FEC-50183B2CBE46}"
EndProject
Project("{9A19103F-16F7-4668-BE54-9A1E7A4F7556}") = "Wikiled.Google.Charts.TestApp", "Wikiled.Google.Charts.TestApp\Wikiled.Google.Charts.TestApp.csproj", "{E396189C-DB83-450E-AB98-E5CD7251FD01}"
EndProject
Project("{FAE04EC0-301F-11D3-BF4B-00C04F79EFBC}") = "Wikiled.Google.Chart.Tests", "Wikiled.Google.Chart.Tests\Wikiled.Google.Chart.Tests.csproj", "{FCCB641A-6C9E-43FD-947E-0D585A6DA310}"
EndProject
Global
	GlobalSection(SolutionConfigurationPlatforms) = preSolution
		Debug|Any CPU = Debug|Any CPU
		Release|Any CPU = Release|Any CPU
	EndGlobalSection
	GlobalSection(ProjectConfigurationPlatforms) = postSolution
		{287EC3D5-4898-4E12-8FEC-50183B2CBE46}.Debug|Any CPU.ActiveCfg = Debug|Any CPU
		{287EC3D5-4898-4E12-8FEC-50183B2CBE46}.Debug|Any CPU.Build.0 = Debug|Any CPU
		{287EC3D5-4898-4E12-8FEC-50183B2CBE46}.Release|Any CPU.ActiveCfg = Release|Any CPU
		{287EC3D5-4898-4E12-8FEC-50183B2CBE46}.Release|Any CPU.Build.0 = Release|Any CPU
		{E396189C-DB83-450E-AB98-E5CD7251FD01}.Debug|Any CPU.ActiveCfg = Debug|Any CPU
		{E396189C-DB83-450E-AB98-E5CD7251FD01}.Debug|Any CPU.Build.0 = Debug|Any CPU
		{E396189C-DB83-450E-AB98-E5CD7251FD01}.Release|Any CPU.ActiveCfg = Release|Any CPU
		{E396189C-DB83-450E-AB98-E5CD7251FD01}.Release|Any CPU.Build.0 = Release|Any CPU
		{FCCB641A-6C9E-43FD-947E-0D585A6DA310}.Debug|Any CPU.ActiveCfg = Debug|Any CPU
		{FCCB641A-6C9E-43FD-947E-0D585A6DA310}.Debug|Any CPU.Build.0 = Debug|Any CPU
		{FCCB641A-6C9E-43FD-947E-0D585A6DA310}.Release|Any CPU.ActiveCfg = Release|Any CPU
		{FCCB641A-6C9E-43FD-947E-0D585A6DA310}.Release|Any CPU.Build.0 = Release|Any CPU
	EndGlobalSection
	GlobalSection(SolutionProperties) = preSolution
		HideSolutionNode = FALSE
	EndGlobalSection
	GlobalSection(ExtensibilityGlobals) = postSolution
		SolutionGuid = {8FD56A52-D1AA-4EE5-93C4-720C511FBE13}
	EndGlobalSection
EndGlobal
